
Microsoft Visual Studio Solution File, Format Version 12.00
# Visual Studio Version 17
VisualStudioVersion = 17.0.31903.59
MinimumVisualStudioVersion = 10.0.40219.1
Project("{FAE04EC0-301F-11D3-BF4B-00C04F79EFBC}") = "bstBuilderAnalyzerConsole", "bstBuilderAnalyzerConsole\bstBuilderAnalyzerConsole.csproj", "{A62CB81D-2C3F-4E0F-8CEF-8391C9452987}"
EndProject
Project("{FAE04EC0-301F-11D3-BF4B-00C04F79EFBC}") = "bstBuilderAnalyzerClasslib", "bstBuilderAnalyzerClasslib\bstBuilderAnalyzerClasslib.csproj", "{C65612A8-E8A6-4E88-A85E-AFDE68A3AF59}"
EndProject
Project("{FAE04EC0-301F-11D3-BF4B-00C04F79EFBC}") = "bstBuilderAnalyzerGUI", "bstBuilderAnalyzerGUI\bstBuilderAnalyzerGUI.csproj", "{ABCA82C2-2E9E-4D80-97EB-779A0386A5DA}"
EndProject
Project("{FAE04EC0-301F-11D3-BF4B-00C04F79EFBC}") = "tests", "tests\tests.csproj", "{068FA9B7-C428-41C7-A052-D4EA8967DA67}"
EndProject
Global
	GlobalSection(SolutionConfigurationPlatforms) = preSolution
		Debug|Any CPU = Debug|Any CPU
		Release|Any CPU = Release|Any CPU
	EndGlobalSection
	GlobalSection(SolutionProperties) = preSolution
		HideSolutionNode = FALSE
	EndGlobalSection
	GlobalSection(ProjectConfigurationPlatforms) = postSolution
		{A62CB81D-2C3F-4E0F-8CEF-8391C9452987}.Debug|Any CPU.ActiveCfg = Debug|Any CPU
		{A62CB81D-2C3F-4E0F-8CEF-8391C9452987}.Debug|Any CPU.Build.0 = Debug|Any CPU
		{A62CB81D-2C3F-4E0F-8CEF-8391C9452987}.Release|Any CPU.ActiveCfg = Release|Any CPU
		{A62CB81D-2C3F-4E0F-8CEF-8391C9452987}.Release|Any CPU.Build.0 = Release|Any CPU
		{C65612A8-E8A6-4E88-A85E-AFDE68A3AF59}.Debug|Any CPU.ActiveCfg = Debug|Any CPU
		{C65612A8-E8A6-4E88-A85E-AFDE68A3AF59}.Debug|Any CPU.Build.0 = Debug|Any CPU
		{C65612A8-E8A6-4E88-A85E-AFDE68A3AF59}.Release|Any CPU.ActiveCfg = Release|Any CPU
		{C65612A8-E8A6-4E88-A85E-AFDE68A3AF59}.Release|Any CPU.Build.0 = Release|Any CPU
		{ABCA82C2-2E9E-4D80-97EB-779A0386A5DA}.Debug|Any CPU.ActiveCfg = Debug|Any CPU
		{ABCA82C2-2E9E-4D80-97EB-779A0386A5DA}.Debug|Any CPU.Build.0 = Debug|Any CPU
		{ABCA82C2-2E9E-4D80-97EB-779A0386A5DA}.Release|Any CPU.ActiveCfg = Release|Any CPU
		{ABCA82C2-2E9E-4D80-97EB-779A0386A5DA}.Release|Any CPU.Build.0 = Release|Any CPU
		{068FA9B7-C428-41C7-A052-D4EA8967DA67}.Debug|Any CPU.ActiveCfg = Debug|Any CPU
		{068FA9B7-C428-41C7-A052-D4EA8967DA67}.Debug|Any CPU.Build.0 = Debug|Any CPU
		{068FA9B7-C428-41C7-A052-D4EA8967DA67}.Release|Any CPU.ActiveCfg = Release|Any CPU
		{068FA9B7-C428-41C7-A052-D4EA8967DA67}.Release|Any CPU.Build.0 = Release|Any CPU
	EndGlobalSection
EndGlobal
